schema: '2.0'
stages:
  data_ingestion:
    cmd: .venv/bin/python src/data_ingestion.py
    deps:
    - path: src/data_ingestion.py
      hash: md5
      md5: a3b4e7a6e823218526f638fd055c042f
      size: 3557
    params:
      params.yaml:
        data_ingestion.test_size: 0.15
    outs:
    - path: data/raw
      hash: md5
      md5: 97961f893362ed56dad75426638e8648.dir
      size: 479272
      nfiles: 2
  pre_processing:
    cmd: .venv/bin/python src/pre_processing.py
    deps:
    - path: data/raw
      hash: md5
      md5: 97961f893362ed56dad75426638e8648.dir
      size: 479272
      nfiles: 2
    - path: src/pre_processing.py
      hash: md5
      md5: a3d9de2066eb6ca58dc49d0f72c020c8
      size: 3748
    outs:
    - path: data/interim
      hash: md5
      md5: 5a09c6cf2fe8256555852d2f39ac22e9.dir
      size: 253920
      nfiles: 2
  feature_engineering:
    cmd: .venv/bin/python src/feature_engineering.py
    deps:
    - path: data/interim
      hash: md5
      md5: 5a09c6cf2fe8256555852d2f39ac22e9.dir
      size: 253920
      nfiles: 2
    - path: src/feature_engineering.py
      hash: md5
      md5: 1a6c3ff541d91edf22defc60123f6dfc
      size: 3770
    params:
      params.yaml:
        feature_engineering.max_features: 45
    outs:
    - path: data/processed
      hash: md5
      md5: 10b903c1bcea243da32da8bd56776366.dir
      size: 1057957
      nfiles: 2
  model_building:
    cmd: .venv/bin/python src/model_building.py
    deps:
    - path: data/processed
      hash: md5
      md5: 10b903c1bcea243da32da8bd56776366.dir
      size: 1057957
      nfiles: 2
    - path: src/model_building.py
      hash: md5
      md5: 786d8eb421ab98b29853a4cfd324ff9b
      size: 4288
    params:
      params.yaml:
        model_building.n_estimators: 20
        model_building.random_state: 2
    outs:
    - path: models/model.pkl
      hash: md5
      md5: 20adb25f6dc4ca62ca194b082200f963
      size: 790936
  model_evaluation:
    cmd: .venv/bin/python src/model_evaluation.py
    deps:
    - path: models/model.pkl
      hash: md5
      md5: 20adb25f6dc4ca62ca194b082200f963
      size: 790936
    - path: src/model_evaluation.py
      hash: md5
      md5: d1779a0afa56f1037e2ffdf5224640b7
      size: 3518
    outs:
    - path: reports/metrics.json
      hash: md5
      md5: e9d32af517018745a803dbdc2bd4f5ba
      size: 140
